
Microsoft Visual Studio Solution File, Format Version 12.00
# Visual Studio Version 17
VisualStudioVersion = 17.6.33723.286
MinimumVisualStudioVersion = 10.0.40219.1
Project("{FAE04EC0-301F-11D3-BF4B-00C04F79EFBC}") = "Avito", "Avito\Avito.csproj", "{4CC3C086-9975-4234-928E-FB4FF6F566BD}"
EndProject
Global
	GlobalSection(SolutionConfigurationPlatforms) = preSolution
		Debug|Any CPU = Debug|Any CPU
		Release|Any CPU = Release|Any CPU
	EndGlobalSection
	GlobalSection(ProjectConfigurationPlatforms) = postSolution
		{4CC3C086-9975-4234-928E-FB4FF6F566BD}.Debug|Any CPU.ActiveCfg = Debug|Any CPU
		{4CC3C086-9975-4234-928E-FB4FF6F566BD}.Debug|Any CPU.Build.0 = Debug|Any CPU
		{4CC3C086-9975-4234-928E-FB4FF6F566BD}.Release|Any CPU.ActiveCfg = Release|Any CPU
		{4CC3C086-9975-4234-928E-FB4FF6F566BD}.Release|Any CPU.Build.0 = Release|Any CPU
	EndGlobalSection
	GlobalSection(SolutionProperties) = preSolution
		HideSolutionNode = FALSE
	EndGlobalSection
	GlobalSection(ExtensibilityGlobals) = postSolution
		SolutionGuid = {706F092E-F186-40D6-AA28-C0637653EFD4}
	EndGlobalSection
EndGlobal
